
Microsoft Visual Studio Solution File, Format Version 12.00
# Visual Studio Version 17
VisualStudioVersion = 17.3.32901.215
MinimumVisualStudioVersion = 10.0.40219.1
Project("{54A90642-561A-4BB1-A94E-469ADEE60C69}") = "patents", "Patents\patents.esproj", "{06BCE0F4-6FE6-42C6-B24B-18E9E765F432}"
EndProject
Global
	GlobalSection(SolutionConfigurationPlatforms) = preSolution
		Debug|Any CPU = Debug|Any CPU
		Release|Any CPU = Release|Any CPU
	EndGlobalSection
	GlobalSection(ProjectConfigurationPlatforms) = postSolution
		{06BCE0F4-6FE6-42C6-B24B-18E9E765F432}.Debug|Any CPU.ActiveCfg = Debug|Any CPU
		{06BCE0F4-6FE6-42C6-B24B-18E9E765F432}.Debug|Any CPU.Build.0 = Debug|Any CPU
		{06BCE0F4-6FE6-42C6-B24B-18E9E765F432}.Debug|Any CPU.Deploy.0 = Debug|Any CPU
		{06BCE0F4-6FE6-42C6-B24B-18E9E765F432}.Release|Any CPU.ActiveCfg = Release|Any CPU
		{06BCE0F4-6FE6-42C6-B24B-18E9E765F432}.Release|Any CPU.Build.0 = Release|Any CPU
		{06BCE0F4-6FE6-42C6-B24B-18E9E765F432}.Release|Any CPU.Deploy.0 = Release|Any CPU
	EndGlobalSection
	GlobalSection(SolutionProperties) = preSolution
		HideSolutionNode = FALSE
	EndGlobalSection
	GlobalSection(ExtensibilityGlobals) = postSolution
		SolutionGuid = {C463D734-0EC8-4F19-92A9-B7CAB36B8379}
	EndGlobalSection
EndGlobal
